{
  "name": "esx-files",
  "version": "1.0.0",
  "lockfileVersion": 2,
  "requires": true,
  "packages": {
    "": {
      "name": "esx-files",
      "version": "1.0.0",
      "license": "MIT",
      "dependencies": {
        "marked": "^4.0.10",
        "underscore": "^1.9.2"
      }
    },
    "node_modules/marked": {
      "version": "4.0.10",
      "resolved": "https://registry.npmjs.org/marked/-/marked-4.0.10.tgz",
      "integrity": "sha512-+QvuFj0nGgO970fySghXGmuw+Fd0gD2x3+MqCWLIPf5oxdv1Ka6b2q+z9RP01P/IaKPMEramy+7cNy/Lw8c3hw==",
      "bin": {
        "marked": "bin/marked.js"
      },
      "engines": {
        "node": ">= 12"
      }
    },
    "node_modules/underscore": {
      "version": "1.9.2",
      "resolved": "https://registry.npmjs.org/underscore/-/underscore-1.9.2.tgz",
      "integrity": "sha512-D39qtimx0c1fI3ya1Lnhk3E9nONswSKhnffBI0gME9C99fYOkNi04xs8K6pePLhvl1frbDemkaBQ5ikWllR2HQ=="
    }
  },
  "dependencies": {
    "marked": {
      "version": "4.0.10",
      "resolved": "https://registry.npmjs.org/marked/-/marked-4.0.10.tgz",
      "integrity": "sha512-+QvuFj0nGgO970fySghXGmuw+Fd0gD2x3+MqCWLIPf5oxdv1Ka6b2q+z9RP01P/IaKPMEramy+7cNy/Lw8c3hw=="
    },
    "underscore": {
      "version": "1.9.2",
      "resolved": "https://registry.npmjs.org/underscore/-/underscore-1.9.2.tgz",
      "integrity": "sha512-D39qtimx0c1fI3ya1Lnhk3E9nONswSKhnffBI0gME9C99fYOkNi04xs8K6pePLhvl1frbDemkaBQ5ikWllR2HQ=="
    }
  }
}
